{
  "nodes": {
    "nixpkgs": {
      "locked": {
        "lastModified": 1762554677,
        "narHash": "sha256-U+fP0JeohDFGRU30jeIAeQFAl6/PVfWJPabWPzUmRFI=",
        "owner": "NixOS",
        "repo": "nixpkgs",
        "rev": "dd11e87513e1efcd62fd9ac27acaded5b49b63ab",
        "type": "github"
      },
      "original": {
        "owner": "NixOS",
        "ref": "nixpkgs-25.05-darwin",
        "repo": "nixpkgs",
        "type": "github"
      }
    },
    "root": {
      "inputs": {
        "nixpkgs": "nixpkgs"
      }
    }
  },
  "root": "root",
  "version": 7
}
